// !$*UTF8*$!
{
	archiveVersion = 1;
	classes = {
	};
	objectVersion = 77;
	objects = {

/* Begin PBXContainerItemProxy section */
		ABE3B53A2D36DB0900CC46C0 /* PBXContainerItemProxy */ = {
			isa = PBXContainerItemProxy;
			containerPortal = ABE3B5212D36DB0700CC46C0 /* Project object */;
			proxyType = 1;
			remoteGlobalIDString = ABE3B5282D36DB0700CC46C0;
			remoteInfo = AppSelector;
		};
		ABE3B5442D36DB0900CC46C0 /* PBXContainerItemProxy */ = {
			isa = PBXContainerItemProxy;
			containerPortal = ABE3B5212D36DB0700CC46C0 /* Project object */;
			proxyType = 1;
			remoteGlobalIDString = ABE3B5282D36DB0700CC46C0;
			remoteInfo = AppSelector;
		};
/* End PBXContainerItemProxy section */

/* Begin PBXFileReference section */
		ABE3B5292D36DB0700CC46C0 /* AppSelector.app */ = {isa = PBXFileReference; explicitFileType = wrapper.application; includeInIndex = 0; path = AppSelector.app; sourceTree = BUILT_PRODUCTS_DIR; };
		ABE3B5392D36DB0900CC46C0 /* AppSelectorTests.xctest */ = {isa = PBXFileReference; explicitFileType = wrapper.cfbundle; includeInIndex = 0; path = AppSelectorTests.xctest; sourceTree = BUILT_PRODUCTS_DIR; };
		ABE3B5432D36DB0900CC46C0 /* AppSelectorUITests.xctest */ = {isa = PBXFileReference; explicitFileType = wrapper.cfbundle; includeInIndex = 0; path = AppSelectorUITests.xctest; sourceTree = BUILT_PRODUCTS_DIR; };
/* End PBXFileReference section */

/* Begin PBXFileSystemSynchronizedRootGroup section */
		ABE3B52B2D36DB0700CC46C0 /* AppSelector */ = {
			isa = PBXFileSystemSynchronizedRootGroup;
			path = AppSelector;
			sourceTree = "<group>";
		};
		ABE3B53C2D36DB0900CC46C0 /* AppSelectorTests */ = {
			isa = PBXFileSystemSynchronizedRootGroup;
			path = AppSelectorTests;
			sourceTree = "<group>";
		};
		ABE3B5462D36DB0900CC46C0 /* AppSelectorUITests */ = {
			isa = PBXFileSystemSynchronizedRootGroup;
			path = AppSelectorUITests;
			sourceTree = "<group>";
		};
/* End PBXFileSystemSynchronizedRootGroup section */

/* Begin PBXFrameworksBuildPhase section */
		ABE3B5262D36DB0700CC46C0 /* Frameworks */ = {
			isa = PBXFrameworksBuildPhase;
			buildActionMask = 2147483647;
			files = (
			);
			runOnlyForDeploymentPostprocessing = 0;
		};
		ABE3B5362D36DB0900CC46C0 /* Frameworks */ = {
			isa = PBXFrameworksBuildPhase;
			buildActionMask = 2147483647;
			files = (
			);
			runOnlyForDeploymentPostprocessing = 0;
		};
		ABE3B5402D36DB0900CC46C0 /* Frameworks */ = {
			isa = PBXFrameworksBuildPhase;
			buildActionMask = 2147483647;
			files = (
			);
			runOnlyForDeploymentPostprocessing = 0;
		};
/* End PBXFrameworksBuildPhase section */

/* Begin PBXGroup section */
		ABE3B5202D36DB0700CC46C0 = {
			isa = PBXGroup;
			children = (
				ABE3B52B2D36DB0700CC46C0 /* AppSelector */,
				ABE3B53C2D36DB0900CC46C0 /* AppSelectorTests */,
				ABE3B5462D36DB0900CC46C0 /* AppSelectorUITests */,
				ABE3B52A2D36DB0700CC46C0 /* Products */,
			);
			sourceTree = "<group>";
		};
		ABE3B52A2D36DB0700CC46C0 /* Products */ = {
			isa = PBXGroup;
			children = (
				ABE3B5292D36DB0700CC46C0 /* AppSelector.app */,
				ABE3B5392D36DB0900CC46C0 /* AppSelectorTests.xctest */,
				ABE3B5432D36DB0900CC46C0 /* AppSelectorUITests.xctest */,
			);
			name = Products;
			sourceTree = "<group>";
		};
/* End PBXGroup section */

/* Begin PBXNativeTarget section */
		ABE3B5282D36DB0700CC46C0 /* AppSelector */ = {
			isa = PBXNativeTarget;
			buildConfigurationList = ABE3B54D2D36DB0900CC46C0 /* Build configuration list for PBXNativeTarget "AppSelector" */;
			buildPhases = (
				ABE3B5252D36DB0700CC46C0 /* Sources */,
				ABE3B5262D36DB0700CC46C0 /* Frameworks */,
				ABE3B5272D36DB0700CC46C0 /* Resources */,
			);
			buildRules = (
			);
			dependencies = (
			);
			fileSystemSynchronizedGroups = (
				ABE3B52B2D36DB0700CC46C0 /* AppSelector */,
			);
			name = AppSelector;
			packageProductDependencies = (
			);
			productName = AppSelector;
			productReference = ABE3B5292D36DB0700CC46C0 /* AppSelector.app */;
			productType = "com.apple.product-type.application";
		};
		ABE3B5382D36DB0900CC46C0 /* AppSelectorTests */ = {
			isa = PBXNativeTarget;
			buildConfigurationList = ABE3B5502D36DB0900CC46C0 /* Build configuration list for PBXNativeTarget "AppSelectorTests" */;
			buildPhases = (
				ABE3B5352D36DB0900CC46C0 /* Sources */,
				ABE3B5362D36DB0900CC46C0 /* Frameworks */,
				ABE3B5372D36DB0900CC46C0 /* Resources */,
			);
			buildRules = (
			);
			dependencies = (
				ABE3B53B2D36DB0900CC46C0 /* PBXTargetDependency */,
			);
			fileSystemSynchronizedGroups = (
				ABE3B53C2D36DB0900CC46C0 /* AppSelectorTests */,
			);
			name = AppSelectorTests;
			packageProductDependencies = (
			);
			productName = AppSelectorTests;
			productReference = ABE3B5392D36DB0900CC46C0 /* AppSelectorTests.xctest */;
			productType = "com.apple.product-type.bundle.unit-test";
		};
		ABE3B5422D36DB0900CC46C0 /* AppSelectorUITests */ = {
			isa = PBXNativeTarget;
			buildConfigurationList = ABE3B5532D36DB0900CC46C0 /* Build configuration list for PBXNativeTarget "AppSelectorUITests" */;
			buildPhases = (
				ABE3B53F2D36DB0900CC46C0 /* Sources */,
				ABE3B5402D36DB0900CC46C0 /* Frameworks */,
				ABE3B5412D36DB0900CC46C0 /* Resources */,
			);
			buildRules = (
			);
			dependencies = (
				ABE3B5452D36DB0900CC46C0 /* PBXTargetDependency */,
			);
			fileSystemSynchronizedGroups = (
				ABE3B5462D36DB0900CC46C0 /* AppSelectorUITests */,
			);
			name = AppSelectorUITests;
			packageProductDependencies = (
			);
			productName = AppSelectorUITests;
			productReference = ABE3B5432D36DB0900CC46C0 /* AppSelectorUITests.xctest */;
			productType = "com.apple.product-type.bundle.ui-testing";
		};
/* End PBXNativeTarget section */

/* Begin PBXProject section */
		ABE3B5212D36DB0700CC46C0 /* Project object */ = {
			isa = PBXProject;
			attributes = {
				BuildIndependentTargetsInParallel = 1;
				LastSwiftUpdateCheck = 1620;
				LastUpgradeCheck = 1620;
				TargetAttributes = {
					ABE3B5282D36DB0700CC46C0 = {
						CreatedOnToolsVersion = 16.2;
					};
					ABE3B5382D36DB0900CC46C0 = {
						CreatedOnToolsVersion = 16.2;
						TestTargetID = ABE3B5282D36DB0700CC46C0;
					};
					ABE3B5422D36DB0900CC46C0 = {
						CreatedOnToolsVersion = 16.2;
						TestTargetID = ABE3B5282D36DB0700CC46C0;
					};
				};
			};
			buildConfigurationList = ABE3B5242D36DB0700CC46C0 /* Build configuration list for PBXProject "AppSelector" */;
			developmentRegion = en;
			hasScannedForEncodings = 0;
			knownRegions = (
				en,
				Base,
			);
			mainGroup = ABE3B5202D36DB0700CC46C0;
			minimizedProjectReferenceProxies = 1;
			preferredProjectObjectVersion = 77;
			productRefGroup = ABE3B52A2D36DB0700CC46C0 /* Products */;
			projectDirPath = "";
			projectRoot = "";
			targets = (
				ABE3B5282D36DB0700CC46C0 /* AppSelector */,
				ABE3B5382D36DB0900CC46C0 /* AppSelectorTests */,
				ABE3B5422D36DB0900CC46C0 /* AppSelectorUITests */,
			);
		};
/* End PBXProject section */

/* Begin PBXResourcesBuildPhase section */
		ABE3B5272D36DB0700CC46C0 /* Resources */ = {
			isa = PBXResourcesBuildPhase;
			buildActionMask = 2147483647;
			files = (
			);
			runOnlyForDeploymentPostprocessing = 0;
		};
		ABE3B5372D36DB0900CC46C0 /* Resources */ = {
			isa = PBXResourcesBuildPhase;
			buildActionMask = 2147483647;
			files = (
			);
			runOnlyForDeploymentPostprocessing = 0;
		};
		ABE3B5412D36DB0900CC46C0 /* Resources */ = {
			isa = PBXResourcesBuildPhase;
			buildActionMask = 2147483647;
			files = (
			);
			runOnlyForDeploymentPostprocessing = 0;
		};
/* End PBXResourcesBuildPhase section */

/* Begin PBXSourcesBuildPhase section */
		ABE3B5252D36DB0700CC46C0 /* Sources */ = {
			isa = PBXSourcesBuildPhase;
			buildActionMask = 2147483647;
			files = (
			);
			runOnlyForDeploymentPostprocessing = 0;
		};
		ABE3B5352D36DB0900CC46C0 /* Sources */ = {
			isa = PBXSourcesBuildPhase;
			buildActionMask = 2147483647;
			files = (
			);
			runOnlyForDeploymentPostprocessing = 0;
		};
		ABE3B53F2D36DB0900CC46C0 /* Sources */ = {
			isa = PBXSourcesBuildPhase;
			buildActionMask = 2147483647;
			files = (
			);
			runOnlyForDeploymentPostprocessing = 0;
		};
/* End PBXSourcesBuildPhase section */

/* Begin PBXTargetDependency section */
		ABE3B53B2D36DB0900CC46C0 /* PBXTargetDependency */ = {
			isa = PBXTargetDependency;
			target = ABE3B5282D36DB0700CC46C0 /* AppSelector */;
			targetProxy = ABE3B53A2D36DB0900CC46C0 /* PBXContainerItemProxy */;
		};
		ABE3B5452D36DB0900CC46C0 /* PBXTargetDependency */ = {
			isa = PBXTargetDependency;
			target = ABE3B5282D36DB0700CC46C0 /* AppSelector */;
			targetProxy = ABE3B5442D36DB0900CC46C0 /* PBXContainerItemProxy */;
		};
/* End PBXTargetDependency section */

/* Begin XCBuildConfiguration section */
		ABE3B54B2D36DB0900CC46C0 /* Debug */ = {
			isa = XCBuildConfiguration;
			buildSettings = {
				ALWAYS_SEARCH_USER_PATHS = NO;
				ASSETCATALOG_COMPILER_GENERATE_SWIFT_ASSET_SYMBOL_EXTENSIONS = YES;
				CLANG_ANALYZER_NONNULL = YES;
				CLANG_ANALYZER_NUMBER_OBJECT_CONVERSION = YES_AGGRESSIVE;
				CLANG_CXX_LANGUAGE_STANDARD = "gnu++20";
				CLANG_ENABLE_MODULES = YES;
				CLANG_ENABLE_OBJC_ARC = YES;
				CLANG_ENABLE_OBJC_WEAK = YES;
				CLANG_WARN_BLOCK_CAPTURE_AUTORELEASING = YES;
				CLANG_WARN_BOOL_CONVERSION = YES;
				CLANG_WARN_COMMA = YES;
				CLANG_WARN_CONSTANT_CONVERSION = YES;
				CLANG_WARN_DEPRECATED_OBJC_IMPLEMENTATIONS = YES;
				CLANG_WARN_DIRECT_OBJC_ISA_USAGE = YES_ERROR;
				CLANG_WARN_DOCUMENTATION_COMMENTS = YES;
				CLANG_WARN_EMPTY_BODY = YES;
				CLANG_WARN_ENUM_CONVERSION = YES;
				CLANG_WARN_INFINITE_RECURSION = YES;
				CLANG_WARN_INT_CONVERSION = YES;
				CLANG_WARN_NON_LITERAL_NULL_CONVERSION = YES;
				CLANG_WARN_OBJC_IMPLICIT_RETAIN_SELF = YES;
				CLANG_WARN_OBJC_LITERAL_CONVERSION = YES;
				CLANG_WARN_OBJC_ROOT_CLASS = YES_ERROR;
				CLANG_WARN_QUOTED_INCLUDE_IN_FRAMEWORK_HEADER = YES;
				CLANG_WARN_RANGE_LOOP_ANALYSIS = YES;
				CLANG_WARN_STRICT_PROTOTYPES = YES;
				CLANG_WARN_SUSPICIOUS_MOVE = YES;
				CLANG_WARN_UNGUARDED_AVAILABILITY = YES_AGGRESSIVE;
				CLANG_WARN_UNREACHABLE_CODE = YES;
				CLANG_WARN__DUPLICATE_METHOD_MATCH = YES;
				COPY_PHASE_STRIP = NO;
				DEBUG_INFORMATION_FORMAT = dwarf;
				ENABLE_STRICT_OBJC_MSGSEND = YES;
				ENABLE_TESTABILITY = YES;
				ENABLE_USER_SCRIPT_SANDBOXING = YES;
				GCC_C_LANGUAGE_STANDARD = gnu17;
				GCC_DYNAMIC_NO_PIC = NO;
				GCC_NO_COMMON_BLOCKS = YES;
				GCC_OPTIMIZATION_LEVEL = 0;
				GCC_PREPROCESSOR_DEFINITIONS = (
					"DEBUG=1",
					"$(inherited)",
				);
				GCC_WARN_64_TO_32_BIT_CONVERSION = YES;
				GCC_WARN_ABOUT_RETURN_TYPE = YES_ERROR;
				GCC_WARN_UNDECLARED_SELECTOR = YES;
				GCC_WARN_UNINITIALIZED_AUTOS = YES_AGGRESSIVE;
				GCC_WARN_UNUSED_FUNCTION = YES;
				GCC_WARN_UNUSED_VARIABLE = YES;
				IPHONEOS_DEPLOYMENT_TARGET = 18.2;
				LOCALIZATION_PREFERS_STRING_CATALOGS = YES;
				MTL_ENABLE_DEBUG_INFO = INCLUDE_SOURCE;
				MTL_FAST_MATH = YES;
				ONLY_ACTIVE_ARCH = YES;
				SDKROOT = iphoneos;
				SWIFT_ACTIVE_COMPILATION_CONDITIONS = "DEBUG $(inherited)";
				SWIFT_OPTIMIZATION_LEVEL = "-Onone";
			};
			name = Debug;
		};
		ABE3B54C2D36DB0900CC46C0 /* Release */ = {
			isa = XCBuildConfiguration;
			buildSettings = {
				ALWAYS_SEARCH_USER_PATHS = NO;
				ASSETCATALOG_COMPILER_GENERATE_SWIFT_ASSET_SYMBOL_EXTENSIONS = YES;
				CLANG_ANALYZER_NONNULL = YES;
				CLANG_ANALYZER_NUMBER_OBJECT_CONVERSION = YES_AGGRESSIVE;
				CLANG_CXX_LANGUAGE_STANDARD = "gnu++20";
				CLANG_ENABLE_MODULES = YES;
				CLANG_ENABLE_OBJC_ARC = YES;
				CLANG_ENABLE_OBJC_WEAK = YES;
				CLANG_WARN_BLOCK_CAPTURE_AUTORELEASING = YES;
				CLANG_WARN_BOOL_CONVERSION = YES;
				CLANG_WARN_COMMA = YES;
				CLANG_WARN_CONSTANT_CONVERSION = YES;
				CLANG_WARN_DEPRECATED_OBJC_IMPLEMENTATIONS = YES;
				CLANG_WARN_DIRECT_OBJC_ISA_USAGE = YES_ERROR;
				CLANG_WARN_DOCUMENTATION_COMMENTS = YES;
				CLANG_WARN_EMPTY_BODY = YES;
				CLANG_WARN_ENUM_CONVERSION = YES;
				CLANG_WARN_INFINITE_RECURSION = YES;
				CLANG_WARN_INT_CONVERSION = YES;
				CLANG_WARN_NON_LITERAL_NULL_CONVERSION = YES;
				CLANG_WARN_OBJC_IMPLICIT_RETAIN_SELF = YES;
				CLANG_WARN_OBJC_LITERAL_CONVERSION = YES;
				CLANG_WARN_OBJC_ROOT_CLASS = YES_ERROR;
				CLANG_WARN_QUOTED_INCLUDE_IN_FRAMEWORK_HEADER = YES;
				CLANG_WARN_RANGE_LOOP_ANALYSIS = YES;
				CLANG_WARN_STRICT_PROTOTYPES = YES;
				CLANG_WARN_SUSPICIOUS_MOVE = YES;
				CLANG_WARN_UNGUARDED_AVAILABILITY = YES_AGGRESSIVE;
				CLANG_WARN_UNREACHABLE_CODE = YES;
				CLANG_WARN__DUPLICATE_METHOD_MATCH = YES;
				COPY_PHASE_STRIP = NO;
				DEBUG_INFORMATION_FORMAT = "dwarf-with-dsym";
				ENABLE_NS_ASSERTIONS = NO;
				ENABLE_STRICT_OBJC_MSGSEND = YES;
				ENABLE_USER_SCRIPT_SANDBOXING = YES;
				GCC_C_LANGUAGE_STANDARD = gnu17;
				GCC_NO_COMMON_BLOCKS = YES;
				GCC_WARN_64_TO_32_BIT_CONVERSION = YES;
				GCC_WARN_ABOUT_RETURN_TYPE = YES_ERROR;
				GCC_WARN_UNDECLARED_SELECTOR = YES;
				GCC_WARN_UNINITIALIZED_AUTOS = YES_AGGRESSIVE;
				GCC_WARN_UNUSED_FUNCTION = YES;
				GCC_WARN_UNUSED_VARIABLE = YES;
				IPHONEOS_DEPLOYMENT_TARGET = 18.2;
				LOCALIZATION_PREFERS_STRING_CATALOGS = YES;
				MTL_ENABLE_DEBUG_INFO = NO;
				MTL_FAST_MATH = YES;
				SDKROOT = iphoneos;
				SWIFT_COMPILATION_MODE = wholemodule;
				VALIDATE_PRODUCT = YES;
			};
			name = Release;
		};
		ABE3B54E2D36DB0900CC46C0 /* Debug */ = {
			isa = XCBuildConfiguration;
			buildSettings = {
				ASSETCATALOG_COMPILER_APPICON_NAME = AppIcon;
				ASSETCATALOG_COMPILER_GLOBAL_ACCENT_COLOR_NAME = AccentColor;
				CODE_SIGN_STYLE = Automatic;
				CURRENT_PROJECT_VERSION = 1;
				DEVELOPMENT_ASSET_PATHS = "\"AppSelector/Preview Content\"";
				DEVELOPMENT_TEAM = HUHH4DPD3M;
				ENABLE_PREVIEWS = YES;
				GENERATE_INFOPLIST_FILE = YES;
				INFOPLIST_KEY_UIApplicationSceneManifest_Generation = YES;
				INFOPLIST_KEY_UIApplicationSupportsIndirectInputEvents = YES;
				INFOPLIST_KEY_UILaunchScreen_Generation = YES;
				INFOPLIST_KEY_UISupportedInterfaceOrientations_iPad = "UIInterfaceOrientationPortrait UIInterfaceOrientationPortraitUpsideDown UIInterfaceOrientationLandscapeLeft UIInterfaceOrientationLandscapeRight";
				INFOPLIST_KEY_UISupportedInterfaceOrientations_iPhone = "UIInterfaceOrientationPortrait UIInterfaceOrientationLandscapeLeft UIInterfaceOrientationLandscapeRight";
				LD_RUNPATH_SEARCH_PATHS = (
					"$(inherited)",
					"@executable_path/Frameworks",
				);
				MARKETING_VERSION = 1.0;
				PRODUCT_BUNDLE_IDENTIFIER = RyanFong.AppSelector;
				PRODUCT_NAME = "$(TARGET_NAME)";
				SWIFT_EMIT_LOC_STRINGS = YES;
				SWIFT_VERSION = 5.0;
				TARGETED_DEVICE_FAMILY = "1,2";
			};
			name = Debug;
		};
		ABE3B54F2D36DB0900CC46C0 /* Release */ = {
			isa = XCBuildConfiguration;
			buildSettings = {
				ASSETCATALOG_COMPILER_APPICON_NAME = AppIcon;
				ASSETCATALOG_COMPILER_GLOBAL_ACCENT_COLOR_NAME = AccentColor;
				CODE_SIGN_STYLE = Automatic;
				CURRENT_PROJECT_VERSION = 1;
				DEVELOPMENT_ASSET_PATHS = "\"AppSelector/Preview Content\"";
				DEVELOPMENT_TEAM = HUHH4DPD3M;
				ENABLE_PREVIEWS = YES;
				GENERATE_INFOPLIST_FILE = YES;
				INFOPLIST_KEY_UIApplicationSceneManifest_Generation = YES;
				INFOPLIST_KEY_UIApplicationSupportsIndirectInputEvents = YES;
				INFOPLIST_KEY_UILaunchScreen_Generation = YES;
				INFOPLIST_KEY_UISupportedInterfaceOrientations_iPad = "UIInterfaceOrientationPortrait UIInterfaceOrientationPortraitUpsideDown UIInterfaceOrientationLandscapeLeft UIInterfaceOrientationLandscapeRight";
				INFOPLIST_KEY_UISupportedInterfaceOrientations_iPhone = "UIInterfaceOrientationPortrait UIInterfaceOrientationLandscapeLeft UIInterfaceOrientationLandscapeRight";
				LD_RUNPATH_SEARCH_PATHS = (
					"$(inherited)",
					"@executable_path/Frameworks",
				);
				MARKETING_VERSION = 1.0;
				PRODUCT_BUNDLE_IDENTIFIER = RyanFong.AppSelector;
				PRODUCT_NAME = "$(TARGET_NAME)";
				SWIFT_EMIT_LOC_STRINGS = YES;
				SWIFT_VERSION = 5.0;
				TARGETED_DEVICE_FAMILY = "1,2";
			};
			name = Release;
		};
		ABE3B5512D36DB0900CC46C0 /* Debug */ = {
			isa = XCBuildConfiguration;
			buildSettings = {
				BUNDLE_LOADER = "$(TEST_HOST)";
				CODE_SIGN_STYLE = Automatic;
				CURRENT_PROJECT_VERSION = 1;
				GENERATE_INFOPLIST_FILE = YES;
				IPHONEOS_DEPLOYMENT_TARGET = 18.2;
				MARKETING_VERSION = 1.0;
				PRODUCT_BUNDLE_IDENTIFIER = RyanFong.AppSelectorTests;
				PRODUCT_NAME = "$(TARGET_NAME)";
				SWIFT_EMIT_LOC_STRINGS = NO;
				SWIFT_VERSION = 5.0;
				TARGETED_DEVICE_FAMILY = "1,2";
				TEST_HOST = "$(BUILT_PRODUCTS_DIR)/AppSelector.app/$(BUNDLE_EXECUTABLE_FOLDER_PATH)/AppSelector";
			};
			name = Debug;
		};
		ABE3B5522D36DB0900CC46C0 /* Release */ = {
			isa = XCBuildConfiguration;
			buildSettings = {
				BUNDLE_LOADER = "$(TEST_HOST)";
				CODE_SIGN_STYLE = Automatic;
				CURRENT_PROJECT_VERSION = 1;
				GENERATE_INFOPLIST_FILE = YES;
				IPHONEOS_DEPLOYMENT_TARGET = 18.2;
				MARKETING_VERSION = 1.0;
				PRODUCT_BUNDLE_IDENTIFIER = RyanFong.AppSelectorTests;
				PRODUCT_NAME = "$(TARGET_NAME)";
				SWIFT_EMIT_LOC_STRINGS = NO;
				SWIFT_VERSION = 5.0;
				TARGETED_DEVICE_FAMILY = "1,2";
				TEST_HOST = "$(BUILT_PRODUCTS_DIR)/AppSelector.app/$(BUNDLE_EXECUTABLE_FOLDER_PATH)/AppSelector";
			};
			name = Release;
		};
		ABE3B5542D36DB0900CC46C0 /* Debug */ = {
			isa = XCBuildConfiguration;
			buildSettings = {
				CODE_SIGN_STYLE = Automatic;
				CURRENT_PROJECT_VERSION = 1;
				GENERATE_INFOPLIST_FILE = YES;
				MARKETING_VERSION = 1.0;
				PRODUCT_BUNDLE_IDENTIFIER = RyanFong.AppSelectorUITests;
				PRODUCT_NAME = "$(TARGET_NAME)";
				SWIFT_EMIT_LOC_STRINGS = NO;
				SWIFT_VERSION = 5.0;
				TARGETED_DEVICE_FAMILY = "1,2";
				TEST_TARGET_NAME = AppSelector;
			};
			name = Debug;
		};
		ABE3B5552D36DB0900CC46C0 /* Release */ = {
			isa = XCBuildConfiguration;
			buildSettings = {
				CODE_SIGN_STYLE = Automatic;
				CURRENT_PROJECT_VERSION = 1;
				GENERATE_INFOPLIST_FILE = YES;
				MARKETING_VERSION = 1.0;
				PRODUCT_BUNDLE_IDENTIFIER = RyanFong.AppSelectorUITests;
				PRODUCT_NAME = "$(TARGET_NAME)";
				SWIFT_EMIT_LOC_STRINGS = NO;
				SWIFT_VERSION = 5.0;
				TARGETED_DEVICE_FAMILY = "1,2";
				TEST_TARGET_NAME = AppSelector;
			};
			name = Release;
		};
/* End XCBuildConfiguration section */

/* Begin XCConfigurationList section */
		ABE3B5242D36DB0700CC46C0 /* Build configuration list for PBXProject "AppSelector" */ = {
			isa = XCConfigurationList;
			buildConfigurations = (
				ABE3B54B2D36DB0900CC46C0 /* Debug */,
				ABE3B54C2D36DB0900CC46C0 /* Release */,
			);
			defaultConfigurationIsVisible = 0;
			defaultConfigurationName = Release;
		};
		ABE3B54D2D36DB0900CC46C0 /* Build configuration list for PBXNativeTarget "AppSelector" */ = {
			isa = XCConfigurationList;
			buildConfigurations = (
				ABE3B54E2D36DB0900CC46C0 /* Debug */,
				ABE3B54F2D36DB0900CC46C0 /* Release */,
			);
			defaultConfigurationIsVisible = 0;
			defaultConfigurationName = Release;
		};
		ABE3B5502D36DB0900CC46C0 /* Build configuration list for PBXNativeTarget "AppSelectorTests" */ = {
			isa = XCConfigurationList;
			buildConfigurations = (
				ABE3B5512D36DB0900CC46C0 /* Debug */,
				ABE3B5522D36DB0900CC46C0 /* Release */,
			);
			defaultConfigurationIsVisible = 0;
			defaultConfigurationName = Release;
		};
		ABE3B5532D36DB0900CC46C0 /* Build configuration list for PBXNativeTarget "AppSelectorUITests" */ = {
			isa = XCConfigurationList;
			buildConfigurations = (
				ABE3B5542D36DB0900CC46C0 /* Debug */,
				ABE3B5552D36DB0900CC46C0 /* Release */,
			);
			defaultConfigurationIsVisible = 0;
			defaultConfigurationName = Release;
		};
/* End XCConfigurationList section */
	};
	rootObject = ABE3B5212D36DB0700CC46C0 /* Project object */;
}
